Microsoft Visual Studio Solution File, Format Version 12.00
Project("{2150E333-8FDC-42A3-9474-1A3956D46DE8}") = "src", "src", "{3A8B6812-B42A-4F1B-962F-E4C2696A6F46}"
EndProject
Project("{2150E333-8FDC-42A3-9474-1A3956D46DE8}") = "tests", "tests", "{ABD7D257-AE9C-4DCB-9224-80938748474C}"
EndProject
Project("{FAE04EC0-301F-11D3-BF4B-00C04F79EFBC}") = "Lab5.Tests", "tests\Lab5.Tests\Lab5.Tests.csproj", "{6B113055-EABD-4475-9A6B-C54320ED1F26}"
EndProject
Project("{2150E333-8FDC-42A3-9474-1A3956D46DE8}") = "common", "common", "{3DB12F6C-143E-4086-BCB2-2EC3461BC353}"
	ProjectSection(SolutionItems) = preProject
		Directory.Packages.props = Directory.Packages.props
		Directory.Build.props = Directory.Build.props
		.gitignore = .gitignore
		.editorconfig = .editorconfig
	EndProjectSection
EndProject
Project("{2150E333-8FDC-42A3-9474-1A3956D46DE8}") = "Lab5", "src\Lab5\", "{4C04A718-61C7-40EC-B5FC-0A0D51B989FE}"
EndProject
Project("{2150E333-8FDC-42A3-9474-1A3956D46DE8}") = "Docker", "Docker", "{11286AD9-8A52-4D35-B189-BB8106CE96D6}"
	ProjectSection(SolutionItems) = preProject
		src\Lab5\docker\docker-compose.yaml = src\Lab5\docker\docker-compose.yaml
	EndProjectSection
EndProject
Project("{FAE04EC0-301F-11D3-BF4B-00C04F79EFBC}") = "PostgresInfrastructure", "src\Lab5\PostgresInfrastructure\PostgresInfrastructure.csproj", "{1CB1EF03-754C-474C-B491-D65A722BFD53}"
EndProject
Project("{FAE04EC0-301F-11D3-BF4B-00C04F79EFBC}") = "Application", "src\Lab5\Application\Application.csproj", "{410C609C-F775-4268-BA13-45EDB3A37DFB}"
EndProject
Project("{FAE04EC0-301F-11D3-BF4B-00C04F79EFBC}") = "ProgramApp", "src\Lab5\ProgramApp\ProgramApp.csproj", "{5DDAEBF3-66A3-451E-BC3C-EF4EF59A7D71}"
EndProject
Project("{FAE04EC0-301F-11D3-BF4B-00C04F79EFBC}") = "ConsolePresenatation", "src\Lab5\ConsolePresenatation\ConsolePresenatation.csproj", "{5C79758A-E6A0-43C6-9BAC-DA1755D6C39E}"
EndProject
Global
	GlobalSection(SolutionConfigurationPlatforms) = preSolution
		Debug|Any CPU = Debug|Any CPU
		Release|Any CPU = Release|Any CPU
	EndGlobalSection
	GlobalSection(NestedProjects) = preSolution
		{25EFCB64-8B06-4F6A-BBFD-9F713438637F} = {3A8B6812-B42A-4F1B-962F-E4C2696A6F46}
		{7392F3A8-8E4F-4353-9023-51F0DCF56416} = {3A8B6812-B42A-4F1B-962F-E4C2696A6F46}
		{9CC87A20-A988-4109-B1B4-AF1E8C634110} = {3A8B6812-B42A-4F1B-962F-E4C2696A6F46}
		{00526AC5-5908-441E-ADA5-2E8BBC91919F} = {3A8B6812-B42A-4F1B-962F-E4C2696A6F46}
		{FAE8F20B-EB2D-4E9F-A9C9-69761E5B4604} = {ABD7D257-AE9C-4DCB-9224-80938748474C}
		{7D2B8E68-304A-4946-987E-4F29F0FCC3A4} = {ABD7D257-AE9C-4DCB-9224-80938748474C}
		{3A3ABC1F-44EE-41D7-B0F1-F0D962E5746B} = {ABD7D257-AE9C-4DCB-9224-80938748474C}
		{2BC795FD-9FAC-419E-A8A5-4C432451CBD1} = {ABD7D257-AE9C-4DCB-9224-80938748474C}
		{6B113055-EABD-4475-9A6B-C54320ED1F26} = {ABD7D257-AE9C-4DCB-9224-80938748474C}
		{4C04A718-61C7-40EC-B5FC-0A0D51B989FE} = {3A8B6812-B42A-4F1B-962F-E4C2696A6F46}
		{11286AD9-8A52-4D35-B189-BB8106CE96D6} = {4C04A718-61C7-40EC-B5FC-0A0D51B989FE}
		{1CB1EF03-754C-474C-B491-D65A722BFD53} = {4C04A718-61C7-40EC-B5FC-0A0D51B989FE}
		{410C609C-F775-4268-BA13-45EDB3A37DFB} = {4C04A718-61C7-40EC-B5FC-0A0D51B989FE}
		{5DDAEBF3-66A3-451E-BC3C-EF4EF59A7D71} = {4C04A718-61C7-40EC-B5FC-0A0D51B989FE}
		{5C79758A-E6A0-43C6-9BAC-DA1755D6C39E} = {4C04A718-61C7-40EC-B5FC-0A0D51B989FE}
	EndGlobalSection
	GlobalSection(ProjectConfigurationPlatforms) = postSolution
		{25EFCB64-8B06-4F6A-BBFD-9F713438637F}.Debug|Any CPU.ActiveCfg = Debug|Any CPU
		{25EFCB64-8B06-4F6A-BBFD-9F713438637F}.Debug|Any CPU.Build.0 = Debug|Any CPU
		{25EFCB64-8B06-4F6A-BBFD-9F713438637F}.Release|Any CPU.ActiveCfg = Release|Any CPU
		{25EFCB64-8B06-4F6A-BBFD-9F713438637F}.Release|Any CPU.Build.0 = Release|Any CPU
		{7392F3A8-8E4F-4353-9023-51F0DCF56416}.Debug|Any CPU.ActiveCfg = Debug|Any CPU
		{7392F3A8-8E4F-4353-9023-51F0DCF56416}.Debug|Any CPU.Build.0 = Debug|Any CPU
		{7392F3A8-8E4F-4353-9023-51F0DCF56416}.Release|Any CPU.ActiveCfg = Release|Any CPU
		{7392F3A8-8E4F-4353-9023-51F0DCF56416}.Release|Any CPU.Build.0 = Release|Any CPU
		{9CC87A20-A988-4109-B1B4-AF1E8C634110}.Debug|Any CPU.ActiveCfg = Debug|Any CPU
		{9CC87A20-A988-4109-B1B4-AF1E8C634110}.Debug|Any CPU.Build.0 = Debug|Any CPU
		{9CC87A20-A988-4109-B1B4-AF1E8C634110}.Release|Any CPU.ActiveCfg = Release|Any CPU
		{9CC87A20-A988-4109-B1B4-AF1E8C634110}.Release|Any CPU.Build.0 = Release|Any CPU
		{00526AC5-5908-441E-ADA5-2E8BBC91919F}.Debug|Any CPU.ActiveCfg = Debug|Any CPU
		{00526AC5-5908-441E-ADA5-2E8BBC91919F}.Debug|Any CPU.Build.0 = Debug|Any CPU
		{00526AC5-5908-441E-ADA5-2E8BBC91919F}.Release|Any CPU.ActiveCfg = Release|Any CPU
		{00526AC5-5908-441E-ADA5-2E8BBC91919F}.Release|Any CPU.Build.0 = Release|Any CPU
		{FAE8F20B-EB2D-4E9F-A9C9-69761E5B4604}.Debug|Any CPU.ActiveCfg = Debug|Any CPU
		{FAE8F20B-EB2D-4E9F-A9C9-69761E5B4604}.Debug|Any CPU.Build.0 = Debug|Any CPU
		{FAE8F20B-EB2D-4E9F-A9C9-69761E5B4604}.Release|Any CPU.ActiveCfg = Release|Any CPU
		{FAE8F20B-EB2D-4E9F-A9C9-69761E5B4604}.Release|Any CPU.Build.0 = Release|Any CPU
		{7D2B8E68-304A-4946-987E-4F29F0FCC3A4}.Debug|Any CPU.ActiveCfg = Debug|Any CPU
		{7D2B8E68-304A-4946-987E-4F29F0FCC3A4}.Debug|Any CPU.Build.0 = Debug|Any CPU
		{7D2B8E68-304A-4946-987E-4F29F0FCC3A4}.Release|Any CPU.ActiveCfg = Release|Any CPU
		{7D2B8E68-304A-4946-987E-4F29F0FCC3A4}.Release|Any CPU.Build.0 = Release|Any CPU
		{3A3ABC1F-44EE-41D7-B0F1-F0D962E5746B}.Debug|Any CPU.ActiveCfg = Debug|Any CPU
		{3A3ABC1F-44EE-41D7-B0F1-F0D962E5746B}.Debug|Any CPU.Build.0 = Debug|Any CPU
		{3A3ABC1F-44EE-41D7-B0F1-F0D962E5746B}.Release|Any CPU.ActiveCfg = Release|Any CPU
		{3A3ABC1F-44EE-41D7-B0F1-F0D962E5746B}.Release|Any CPU.Build.0 = Release|Any CPU
		{2BC795FD-9FAC-419E-A8A5-4C432451CBD1}.Debug|Any CPU.ActiveCfg = Debug|Any CPU
		{2BC795FD-9FAC-419E-A8A5-4C432451CBD1}.Debug|Any CPU.Build.0 = Debug|Any CPU
		{2BC795FD-9FAC-419E-A8A5-4C432451CBD1}.Release|Any CPU.ActiveCfg = Release|Any CPU
		{2BC795FD-9FAC-419E-A8A5-4C432451CBD1}.Release|Any CPU.Build.0 = Release|Any CPU
		{6B113055-EABD-4475-9A6B-C54320ED1F26}.Debug|Any CPU.ActiveCfg = Debug|Any CPU
		{6B113055-EABD-4475-9A6B-C54320ED1F26}.Debug|Any CPU.Build.0 = Debug|Any CPU
		{6B113055-EABD-4475-9A6B-C54320ED1F26}.Release|Any CPU.ActiveCfg = Release|Any CPU
		{6B113055-EABD-4475-9A6B-C54320ED1F26}.Release|Any CPU.Build.0 = Release|Any CPU
		{AD97D282-56F5-4E2D-934C-3EE19B1D2E2B}.Debug|Any CPU.ActiveCfg = Debug|Any CPU
		{AD97D282-56F5-4E2D-934C-3EE19B1D2E2B}.Debug|Any CPU.Build.0 = Debug|Any CPU
		{AD97D282-56F5-4E2D-934C-3EE19B1D2E2B}.Release|Any CPU.ActiveCfg = Release|Any CPU
		{AD97D282-56F5-4E2D-934C-3EE19B1D2E2B}.Release|Any CPU.Build.0 = Release|Any CPU
		{1CB1EF03-754C-474C-B491-D65A722BFD53}.Debug|Any CPU.ActiveCfg = Debug|Any CPU
		{1CB1EF03-754C-474C-B491-D65A722BFD53}.Debug|Any CPU.Build.0 = Debug|Any CPU
		{1CB1EF03-754C-474C-B491-D65A722BFD53}.Release|Any CPU.ActiveCfg = Release|Any CPU
		{1CB1EF03-754C-474C-B491-D65A722BFD53}.Release|Any CPU.Build.0 = Release|Any CPU
		{410C609C-F775-4268-BA13-45EDB3A37DFB}.Debug|Any CPU.ActiveCfg = Debug|Any CPU
		{410C609C-F775-4268-BA13-45EDB3A37DFB}.Debug|Any CPU.Build.0 = Debug|Any CPU
		{410C609C-F775-4268-BA13-45EDB3A37DFB}.Release|Any CPU.ActiveCfg = Release|Any CPU
		{410C609C-F775-4268-BA13-45EDB3A37DFB}.Release|Any CPU.Build.0 = Release|Any CPU
		{5DDAEBF3-66A3-451E-BC3C-EF4EF59A7D71}.Debug|Any CPU.ActiveCfg = Debug|Any CPU
		{5DDAEBF3-66A3-451E-BC3C-EF4EF59A7D71}.Debug|Any CPU.Build.0 = Debug|Any CPU
		{5DDAEBF3-66A3-451E-BC3C-EF4EF59A7D71}.Release|Any CPU.ActiveCfg = Release|Any CPU
		{5DDAEBF3-66A3-451E-BC3C-EF4EF59A7D71}.Release|Any CPU.Build.0 = Release|Any CPU
		{5C79758A-E6A0-43C6-9BAC-DA1755D6C39E}.Debug|Any CPU.ActiveCfg = Debug|Any CPU
		{5C79758A-E6A0-43C6-9BAC-DA1755D6C39E}.Debug|Any CPU.Build.0 = Debug|Any CPU
		{5C79758A-E6A0-43C6-9BAC-DA1755D6C39E}.Release|Any CPU.ActiveCfg = Release|Any CPU
		{5C79758A-E6A0-43C6-9BAC-DA1755D6C39E}.Release|Any CPU.Build.0 = Release|Any CPU
	EndGlobalSection
EndGlobal
