Microsoft Visual Studio Solution File, Format Version 12.00
Project("{2150E333-8FDC-42A3-9474-1A3956D46DE8}") = "src", "src", "{3A8B6812-B42A-4F1B-962F-E4C2696A6F46}"
EndProject
Project("{2150E333-8FDC-42A3-9474-1A3956D46DE8}") = "tests", "tests", "{ABD7D257-AE9C-4DCB-9224-80938748474C}"
EndProject
Project("{FAE04EC0-301F-11D3-BF4B-00C04F79EFBC}") = "Lab5.Tests", "tests\Lab5.Tests\Lab5.Tests.csproj", "{6B113055-EABD-4475-9A6B-C54320ED1F26}"
EndProject
Project("{2150E333-8FDC-42A3-9474-1A3956D46DE8}") = "common", "common", "{3DB12F6C-143E-4086-BCB2-2EC3461BC353}"
	ProjectSection(SolutionItems) = preProject
		Directory.Packages.props = Directory.Packages.props
		Directory.Build.props = Directory.Build.props
		.gitignore = .gitignore
		.editorconfig = .editorconfig
	EndProjectSection
EndProject
Project("{2150E333-8FDC-42A3-9474-1A3956D46DE8}") = "Lab5", "src\Lab5\", "{4C04A718-61C7-40EC-B5FC-0A0D51B989FE}"
EndProject
Project("{2150E333-8FDC-42A3-9474-1A3956D46DE8}") = "Docker", "Docker", "{11286AD9-8A52-4D35-B189-BB8106CE96D6}"
	ProjectSection(SolutionItems) = preProject
		src\Lab5\docker\docker-compose.yaml = src\Lab5\docker\docker-compose.yaml
	EndProjectSection
EndProject
Project("{FAE04EC0-301F-11D3-BF4B-00C04F79EFBC}") = "PostgresInfrastructure", "src\Lab5\PostgresInfrastructure\PostgresInfrastructure.csproj", "{1CB1EF03-754C-474C-B491-D65A722BFD53}"
EndProject
Project("{FAE04EC0-301F-11D3-BF4B-00C04F79EFBC}") = "Application", "src\Lab5\Application\Application.csproj", "{410C609C-F775-4268-BA13-45EDB3A37DFB}"
EndProject
Project("{FAE04EC0-301F-11D3-BF4B-00C04F79EFBC}") = "ProgramApp", "src\Lab5\ProgramApp\ProgramApp.csproj", "{5DDAEBF3-66A3-451E-BC3C-EF4EF59A7D71}"
EndProject
Project("{FAE04EC0-301F-11D3-BF4B-00C04F79EFBC}") = "ConsolePresenatation", "src\Lab5\ConsolePresenatation\ConsolePresenatation.csproj", "{5C79758A-E6A0-43C6-9BAC-DA1755D6C39E}"
EndProject
